// !$*UTF8*$!
{
	archiveVersion = 1;
	classes = {
	};
	objectVersion = 77;
	objects = {

/* Begin PBXBuildFile section */
		E0135C332DF082B900CA5B45 /* FSCalendar in Frameworks */ = {isa = PBXBuildFile; productRef = E0135C322DF082B900CA5B45 /* FSCalendar */; };
		E08939502DDDCEC700D4B40A /* README.md in Resources */ = {isa = PBXBuildFile; fileRef = E089394F2DDDCEBB00D4B40A /* README.md */; };
/* End PBXBuildFile section */

/* Begin PBXContainerItemProxy section */
		E0C6B4FD2DAE551000302666 /* PBXContainerItemProxy */ = {
			isa = PBXContainerItemProxy;
			containerPortal = E0C6B4DE2DAE550E00302666 /* Project object */;
			proxyType = 1;
			remoteGlobalIDString = E0C6B4E52DAE550E00302666;
			remoteInfo = DeepSleep;
		};
		E0C6B5072DAE551000302666 /* PBXContainerItemProxy */ = {
			isa = PBXContainerItemProxy;
			containerPortal = E0C6B4DE2DAE550E00302666 /* Project object */;
			proxyType = 1;
			remoteGlobalIDString = E0C6B4E52DAE550E00302666;
			remoteInfo = DeepSleep;
		};
/* End PBXContainerItemProxy section */

/* Begin PBXFileReference section */
		E089394F2DDDCEBB00D4B40A /* README.md */ = {isa = PBXFileReference; lastKnownFileType = net.daringfireball.markdown; path = README.md; sourceTree = "<group>"; };
		E0C6B4E62DAE550E00302666 /* DeepSleep.app */ = {isa = PBXFileReference; explicitFileType = wrapper.application; includeInIndex = 0; path = DeepSleep.app; sourceTree = BUILT_PRODUCTS_DIR; };
		E0C6B4FC2DAE551000302666 /* DeepSleepTests.xctest */ = {isa = PBXFileReference; explicitFileType = wrapper.cfbundle; includeInIndex = 0; path = DeepSleepTests.xctest; sourceTree = BUILT_PRODUCTS_DIR; };
		E0C6B5062DAE551000302666 /* DeepSleepUITests.xctest */ = {isa = PBXFileReference; explicitFileType = wrapper.cfbundle; includeInIndex = 0; path = DeepSleepUITests.xctest; sourceTree = BUILT_PRODUCTS_DIR; };
/* End PBXFileReference section */

/* Begin PBXFileSystemSynchronizedBuildFileExceptionSet section */
		E0C6B50E2DAE551000302666 /* Exceptions for "DeepSleep" folder in "DeepSleep" target */ = {
			isa = PBXFileSystemSynchronizedBuildFileExceptionSet;
			membershipExceptions = (
				Info.plist,
			);
			target = E0C6B4E52DAE550E00302666 /* DeepSleep */;
		};
/* End PBXFileSystemSynchronizedBuildFileExceptionSet section */

/* Begin PBXFileSystemSynchronizedRootGroup section */
		E0C6B4E82DAE550E00302666 /* DeepSleep */ = {
			isa = PBXFileSystemSynchronizedRootGroup;
			exceptions = (
				E0C6B50E2DAE551000302666 /* Exceptions for "DeepSleep" folder in "DeepSleep" target */,
			);
			path = DeepSleep;
			sourceTree = "<group>";
		};
		E0C6B4FF2DAE551000302666 /* DeepSleepTests */ = {
			isa = PBXFileSystemSynchronizedRootGroup;
			path = DeepSleepTests;
			sourceTree = "<group>";
		};
		E0C6B5092DAE551000302666 /* DeepSleepUITests */ = {
			isa = PBXFileSystemSynchronizedRootGroup;
			path = DeepSleepUITests;
			sourceTree = "<group>";
		};
/* End PBXFileSystemSynchronizedRootGroup section */

/* Begin PBXFrameworksBuildPhase section */
		E0C6B4E32DAE550E00302666 /* Frameworks */ = {
			isa = PBXFrameworksBuildPhase;
			buildActionMask = 2147483647;
			files = (
				E0135C332DF082B900CA5B45 /* FSCalendar in Frameworks */,
			);
			runOnlyForDeploymentPostprocessing = 0;
		};
		E0C6B4F92DAE551000302666 /* Frameworks */ = {
			isa = PBXFrameworksBuildPhase;
			buildActionMask = 2147483647;
			files = (
			);
			runOnlyForDeploymentPostprocessing = 0;
		};
		E0C6B5032DAE551000302666 /* Frameworks */ = {
			isa = PBXFrameworksBuildPhase;
			buildActionMask = 2147483647;
			files = (
			);
			runOnlyForDeploymentPostprocessing = 0;
		};
/* End PBXFrameworksBuildPhase section */

/* Begin PBXGroup section */
		E0C6B4DD2DAE550E00302666 = {
			isa = PBXGroup;
			children = (
				E089394F2DDDCEBB00D4B40A /* README.md */,
				E0C6B4E82DAE550E00302666 /* DeepSleep */,
				E0C6B4FF2DAE551000302666 /* DeepSleepTests */,
				E0C6B5092DAE551000302666 /* DeepSleepUITests */,
				E0C6B4E72DAE550E00302666 /* Products */,
			);
			sourceTree = "<group>";
		};
		E0C6B4E72DAE550E00302666 /* Products */ = {
			isa = PBXGroup;
			children = (
				E0C6B4E62DAE550E00302666 /* DeepSleep.app */,
				E0C6B4FC2DAE551000302666 /* DeepSleepTests.xctest */,
				E0C6B5062DAE551000302666 /* DeepSleepUITests.xctest */,
			);
			name = Products;
			sourceTree = "<group>";
		};
/* End PBXGroup section */

/* Begin PBXNativeTarget section */
		E0C6B4E52DAE550E00302666 /* DeepSleep */ = {
			isa = PBXNativeTarget;
			buildConfigurationList = E0C6B50F2DAE551000302666 /* Build configuration list for PBXNativeTarget "DeepSleep" */;
			buildPhases = (
				E0C6B4E22DAE550E00302666 /* Sources */,
				E0C6B4E32DAE550E00302666 /* Frameworks */,
				E0C6B4E42DAE550E00302666 /* Resources */,
			);
			buildRules = (
			);
			dependencies = (
			);
			fileSystemSynchronizedGroups = (
				E0C6B4E82DAE550E00302666 /* DeepSleep */,
			);
			name = DeepSleep;
			packageProductDependencies = (
				E0135C322DF082B900CA5B45 /* FSCalendar */,
			);
			productName = DeepSleep;
			productReference = E0C6B4E62DAE550E00302666 /* DeepSleep.app */;
			productType = "com.apple.product-type.application";
		};
		E0C6B4FB2DAE551000302666 /* DeepSleepTests */ = {
			isa = PBXNativeTarget;
			buildConfigurationList = E0C6B5142DAE551000302666 /* Build configuration list for PBXNativeTarget "DeepSleepTests" */;
			buildPhases = (
				E0C6B4F82DAE551000302666 /* Sources */,
				E0C6B4F92DAE551000302666 /* Frameworks */,
				E0C6B4FA2DAE551000302666 /* Resources */,
			);
			buildRules = (
			);
			dependencies = (
				E0C6B4FE2DAE551000302666 /* PBXTargetDependency */,
			);
			fileSystemSynchronizedGroups = (
				E0C6B4FF2DAE551000302666 /* DeepSleepTests */,
			);
			name = DeepSleepTests;
			packageProductDependencies = (
			);
			productName = DeepSleepTests;
			productReference = E0C6B4FC2DAE551000302666 /* DeepSleepTests.xctest */;
			productType = "com.apple.product-type.bundle.unit-test";
		};
		E0C6B5052DAE551000302666 /* DeepSleepUITests */ = {
			isa = PBXNativeTarget;
			buildConfigurationList = E0C6B5172DAE551000302666 /* Build configuration list for PBXNativeTarget "DeepSleepUITests" */;
			buildPhases = (
				E0C6B5022DAE551000302666 /* Sources */,
				E0C6B5032DAE551000302666 /* Frameworks */,
				E0C6B5042DAE551000302666 /* Resources */,
			);
			buildRules = (
			);
			dependencies = (
				E0C6B5082DAE551000302666 /* PBXTargetDependency */,
			);
			fileSystemSynchronizedGroups = (
				E0C6B5092DAE551000302666 /* DeepSleepUITests */,
			);
			name = DeepSleepUITests;
			packageProductDependencies = (
			);
			productName = DeepSleepUITests;
			productReference = E0C6B5062DAE551000302666 /* DeepSleepUITests.xctest */;
			productType = "com.apple.product-type.bundle.ui-testing";
		};
/* End PBXNativeTarget section */

/* Begin PBXProject section */
		E0C6B4DE2DAE550E00302666 /* Project object */ = {
			isa = PBXProject;
			attributes = {
				BuildIndependentTargetsInParallel = 1;
				LastSwiftUpdateCheck = 1630;
				LastUpgradeCheck = 1630;
				TargetAttributes = {
					E0C6B4E52DAE550E00302666 = {
						CreatedOnToolsVersion = 16.3;
					};
					E0C6B4FB2DAE551000302666 = {
						CreatedOnToolsVersion = 16.3;
						TestTargetID = E0C6B4E52DAE550E00302666;
					};
					E0C6B5052DAE551000302666 = {
						CreatedOnToolsVersion = 16.3;
						TestTargetID = E0C6B4E52DAE550E00302666;
					};
				};
			};
			buildConfigurationList = E0C6B4E12DAE550E00302666 /* Build configuration list for PBXProject "DeepSleep" */;
			developmentRegion = en;
			hasScannedForEncodings = 0;
			knownRegions = (
				en,
				Base,
			);
			mainGroup = E0C6B4DD2DAE550E00302666;
			minimizedProjectReferenceProxies = 1;
			packageReferences = (
				E0135C312DF082B900CA5B45 /* XCRemoteSwiftPackageReference "FSCalendar" */,
			);
			preferredProjectObjectVersion = 77;
			productRefGroup = E0C6B4E72DAE550E00302666 /* Products */;
			projectDirPath = "";
			projectRoot = "";
			targets = (
				E0C6B4E52DAE550E00302666 /* DeepSleep */,
				E0C6B4FB2DAE551000302666 /* DeepSleepTests */,
				E0C6B5052DAE551000302666 /* DeepSleepUITests */,
			);
		};
/* End PBXProject section */

/* Begin PBXResourcesBuildPhase section */
		E0C6B4E42DAE550E00302666 /* Resources */ = {
			isa = PBXResourcesBuildPhase;
			buildActionMask = 2147483647;
			files = (
				E08939502DDDCEC700D4B40A /* README.md in Resources */,
			);
			runOnlyForDeploymentPostprocessing = 0;
		};
		E0C6B4FA2DAE551000302666 /* Resources */ = {
			isa = PBXResourcesBuildPhase;
			buildActionMask = 2147483647;
			files = (
			);
			runOnlyForDeploymentPostprocessing = 0;
		};
		E0C6B5042DAE551000302666 /* Resources */ = {
			isa = PBXResourcesBuildPhase;
			buildActionMask = 2147483647;
			files = (
			);
			runOnlyForDeploymentPostprocessing = 0;
		};
/* End PBXResourcesBuildPhase section */

/* Begin PBXSourcesBuildPhase section */
		E0C6B4E22DAE550E00302666 /* Sources */ = {
			isa = PBXSourcesBuildPhase;
			buildActionMask = 2147483647;
			files = (
			);
			runOnlyForDeploymentPostprocessing = 0;
		};
		E0C6B4F82DAE551000302666 /* Sources */ = {
			isa = PBXSourcesBuildPhase;
			buildActionMask = 2147483647;
			files = (
			);
			runOnlyForDeploymentPostprocessing = 0;
		};
		E0C6B5022DAE551000302666 /* Sources */ = {
			isa = PBXSourcesBuildPhase;
			buildActionMask = 2147483647;
			files = (
			);
			runOnlyForDeploymentPostprocessing = 0;
		};
/* End PBXSourcesBuildPhase section */

/* Begin PBXTargetDependency section */
		E0C6B4FE2DAE551000302666 /* PBXTargetDependency */ = {
			isa = PBXTargetDependency;
			target = E0C6B4E52DAE550E00302666 /* DeepSleep */;
			targetProxy = E0C6B4FD2DAE551000302666 /* PBXContainerItemProxy */;
		};
		E0C6B5082DAE551000302666 /* PBXTargetDependency */ = {
			isa = PBXTargetDependency;
			target = E0C6B4E52DAE550E00302666 /* DeepSleep */;
			targetProxy = E0C6B5072DAE551000302666 /* PBXContainerItemProxy */;
		};
/* End PBXTargetDependency section */

/* Begin XCBuildConfiguration section */
		E0C6B5102DAE551000302666 /* Debug */ = {
			isa = XCBuildConfiguration;
			buildSettings = {
				ASSETCATALOG_COMPILER_APPICON_NAME = AppIcon;
				ASSETCATALOG_COMPILER_GLOBAL_ACCENT_COLOR_NAME = AccentColor;
				CODE_SIGN_ENTITLEMENTS = DeepSleep/DeepSleep.entitlements;
				CODE_SIGN_IDENTITY = "Apple Development";
				CODE_SIGN_STYLE = Automatic;
				CURRENT_PROJECT_VERSION = 1;
				DEVELOPMENT_TEAM = D4P5YAD8CF;
				GENERATE_INFOPLIST_FILE = YES;
				INFOPLIST_FILE = DeepSleep/Info.plist;
				INFOPLIST_KEY_UIApplicationSupportsIndirectInputEvents = YES;
				INFOPLIST_KEY_UILaunchStoryboardName = LaunchScreen;
				INFOPLIST_KEY_UIMainStoryboardFile = "";
				INFOPLIST_KEY_UISupportedInterfaceOrientations_iPad = "UIInterfaceOrientationPortrait UIInterfaceOrientationPortraitUpsideDown UIInterfaceOrientationLandscapeLeft UIInterfaceOrientationLandscapeRight";
				INFOPLIST_KEY_UISupportedInterfaceOrientations_iPhone = "UIInterfaceOrientationPortrait UIInterfaceOrientationLandscapeLeft UIInterfaceOrientationLandscapeRight";
				LD_RUNPATH_SEARCH_PATHS = (
					"$(inherited)",
					"@executable_path/Frameworks",
				);
				LIBRARY_SEARCH_PATHS = (
					"$(inherited)",
					"$(PROJECT_DIR)/DeepSleep/coreml-env/lib/python3.13/site-packages/google/_upb",
					"$(PROJECT_DIR)/DeepSleep/coreml-env/lib/python3.13/site-packages/safetensors",
					"$(PROJECT_DIR)/DeepSleep/coreml-env/lib/python3.13/site-packages/numpy/_core/lib",
					"$(PROJECT_DIR)/DeepSleep/coreml-env/lib/python3.13/site-packages/numpy/random/lib",
					"$(PROJECT_DIR)/DeepSleep/coreml-env/lib/python3.13/site-packages/torch/lib",
					"$(PROJECT_DIR)/DeepSleep/coreml-env/lib/python3.13/site-packages/tokenizers",
					"$(PROJECT_DIR)/DeepSleep/venv311/lib/python3.11/site-packages/google/_upb",
					"$(PROJECT_DIR)/DeepSleep/venv311/lib/python3.11/site-packages/numpy/_core/lib",
					"$(PROJECT_DIR)/DeepSleep/venv311/lib/python3.11/site-packages/numpy/random/lib",
					"$(PROJECT_DIR)/DeepSleep/venv311/lib/python3.11/site-packages/coremltools",
					"$(PROJECT_DIR)/DeepSleep/venv311/lib/python3.11/site-packages/torch/lib",
					"$(PROJECT_DIR)/DeepSleep/venv_coreml/lib/python3.11/site-packages/numpy/.dylibs",
					"$(PROJECT_DIR)/DeepSleep/venv_coreml/lib/python3.11/site-packages/numpy/core/lib",
					"$(PROJECT_DIR)/DeepSleep/venv_coreml/lib/python3.11/site-packages/numpy/random/lib",
					"$(PROJECT_DIR)/DeepSleep/venv_coreml39/lib/python3.11/site-packages/numpy/core/lib",
					"$(PROJECT_DIR)/DeepSleep/venv_coreml39/lib/python3.11/site-packages/numpy/.dylibs",
					"$(PROJECT_DIR)/DeepSleep/venv_coreml39/lib/python3.11/site-packages/numpy/random/lib",
				);
				MARKETING_VERSION = 1.0;
				PRODUCT_BUNDLE_IDENTIFIER = com.dj20014920.DeepSleep;
				PRODUCT_NAME = "$(TARGET_NAME)";
				PROVISIONING_PROFILE_SPECIFIER = "";
				SWIFT_EMIT_LOC_STRINGS = YES;
				SWIFT_VERSION = 5.0;
				TARGETED_DEVICE_FAMILY = "1,2";
			};
			name = Debug;
		};
		E0C6B5112DAE551000302666 /* Release */ = {
			isa = XCBuildConfiguration;
			buildSettings = {
				ASSETCATALOG_COMPILER_APPICON_NAME = AppIcon;
				ASSETCATALOG_COMPILER_GLOBAL_ACCENT_COLOR_NAME = AccentColor;
				CODE_SIGN_ENTITLEMENTS = DeepSleep/DeepSleep.entitlements;
				CODE_SIGN_IDENTITY = "Apple Development";
				CODE_SIGN_STYLE = Automatic;
				CURRENT_PROJECT_VERSION = 1;
				DEVELOPMENT_TEAM = D4P5YAD8CF;
				GENERATE_INFOPLIST_FILE = YES;
				INFOPLIST_FILE = DeepSleep/Info.plist;
				INFOPLIST_KEY_UIApplicationSupportsIndirectInputEvents = YES;
				INFOPLIST_KEY_UILaunchStoryboardName = LaunchScreen;
				INFOPLIST_KEY_UIMainStoryboardFile = "";
				INFOPLIST_KEY_UISupportedInterfaceOrientations_iPad = "UIInterfaceOrientationPortrait UIInterfaceOrientationPortraitUpsideDown UIInterfaceOrientationLandscapeLeft UIInterfaceOrientationLandscapeRight";
				INFOPLIST_KEY_UISupportedInterfaceOrientations_iPhone = "UIInterfaceOrientationPortrait UIInterfaceOrientationLandscapeLeft UIInterfaceOrientationLandscapeRight";
				LD_RUNPATH_SEARCH_PATHS = (
					"$(inherited)",
					"@executable_path/Frameworks",
				);
				LIBRARY_SEARCH_PATHS = (
					"$(inherited)",
					"$(PROJECT_DIR)/DeepSleep/coreml-env/lib/python3.13/site-packages/google/_upb",
					"$(PROJECT_DIR)/DeepSleep/coreml-env/lib/python3.13/site-packages/safetensors",
					"$(PROJECT_DIR)/DeepSleep/coreml-env/lib/python3.13/site-packages/numpy/_core/lib",
					"$(PROJECT_DIR)/DeepSleep/coreml-env/lib/python3.13/site-packages/numpy/random/lib",
					"$(PROJECT_DIR)/DeepSleep/coreml-env/lib/python3.13/site-packages/torch/lib",
					"$(PROJECT_DIR)/DeepSleep/coreml-env/lib/python3.13/site-packages/tokenizers",
					"$(PROJECT_DIR)/DeepSleep/venv311/lib/python3.11/site-packages/google/_upb",
					"$(PROJECT_DIR)/DeepSleep/venv311/lib/python3.11/site-packages/numpy/_core/lib",
					"$(PROJECT_DIR)/DeepSleep/venv311/lib/python3.11/site-packages/numpy/random/lib",
					"$(PROJECT_DIR)/DeepSleep/venv311/lib/python3.11/site-packages/coremltools",
					"$(PROJECT_DIR)/DeepSleep/venv311/lib/python3.11/site-packages/torch/lib",
					"$(PROJECT_DIR)/DeepSleep/venv_coreml/lib/python3.11/site-packages/numpy/.dylibs",
					"$(PROJECT_DIR)/DeepSleep/venv_coreml/lib/python3.11/site-packages/numpy/core/lib",
					"$(PROJECT_DIR)/DeepSleep/venv_coreml/lib/python3.11/site-packages/numpy/random/lib",
					"$(PROJECT_DIR)/DeepSleep/venv_coreml39/lib/python3.11/site-packages/numpy/core/lib",
					"$(PROJECT_DIR)/DeepSleep/venv_coreml39/lib/python3.11/site-packages/numpy/.dylibs",
					"$(PROJECT_DIR)/DeepSleep/venv_coreml39/lib/python3.11/site-packages/numpy/random/lib",
				);
				MARKETING_VERSION = 1.0;
				PRODUCT_BUNDLE_IDENTIFIER = com.dj20014920.DeepSleep;
				PRODUCT_NAME = "$(TARGET_NAME)";
				PROVISIONING_PROFILE_SPECIFIER = "";
				SWIFT_EMIT_LOC_STRINGS = YES;
				SWIFT_VERSION = 5.0;
				TARGETED_DEVICE_FAMILY = "1,2";
			};
			name = Release;
		};
		E0C6B5122DAE551000302666 /* Debug */ = {
			isa = XCBuildConfiguration;
			baseConfigurationReferenceAnchor = E0C6B4E82DAE550E00302666 /* DeepSleep */;
			baseConfigurationReferenceRelativePath = Secrets.xcconfig;
			buildSettings = {
				ALWAYS_SEARCH_USER_PATHS = NO;
				ASSETCATALOG_COMPILER_GENERATE_SWIFT_ASSET_SYMBOL_EXTENSIONS = YES;
				CLANG_ANALYZER_NONNULL = YES;
				CLANG_ANALYZER_NUMBER_OBJECT_CONVERSION = YES_AGGRESSIVE;
				CLANG_CXX_LANGUAGE_STANDARD = "gnu++20";
				CLANG_ENABLE_MODULES = YES;
				CLANG_ENABLE_OBJC_ARC = YES;
				CLANG_ENABLE_OBJC_WEAK = YES;
				CLANG_WARN_BLOCK_CAPTURE_AUTORELEASING = YES;
				CLANG_WARN_BOOL_CONVERSION = YES;
				CLANG_WARN_COMMA = YES;
				CLANG_WARN_CONSTANT_CONVERSION = YES;
				CLANG_WARN_DEPRECATED_OBJC_IMPLEMENTATIONS = YES;
				CLANG_WARN_DIRECT_OBJC_ISA_USAGE = YES_ERROR;
				CLANG_WARN_DOCUMENTATION_COMMENTS = YES;
				CLANG_WARN_EMPTY_BODY = YES;
				CLANG_WARN_ENUM_CONVERSION = YES;
				CLANG_WARN_INFINITE_RECURSION = YES;
				CLANG_WARN_INT_CONVERSION = YES;
				CLANG_WARN_NON_LITERAL_NULL_CONVERSION = YES;
				CLANG_WARN_OBJC_IMPLICIT_RETAIN_SELF = YES;
				CLANG_WARN_OBJC_LITERAL_CONVERSION = YES;
				CLANG_WARN_OBJC_ROOT_CLASS = YES_ERROR;
				CLANG_WARN_QUOTED_INCLUDE_IN_FRAMEWORK_HEADER = YES;
				CLANG_WARN_RANGE_LOOP_ANALYSIS = YES;
				CLANG_WARN_STRICT_PROTOTYPES = YES;
				CLANG_WARN_SUSPICIOUS_MOVE = YES;
				CLANG_WARN_UNGUARDED_AVAILABILITY = YES_AGGRESSIVE;
				CLANG_WARN_UNREACHABLE_CODE = YES;
				CLANG_WARN__DUPLICATE_METHOD_MATCH = YES;
				COPY_PHASE_STRIP = NO;
				DEBUG_INFORMATION_FORMAT = dwarf;
				ENABLE_STRICT_OBJC_MSGSEND = YES;
				ENABLE_TESTABILITY = YES;
				ENABLE_USER_SCRIPT_SANDBOXING = YES;
				GCC_C_LANGUAGE_STANDARD = gnu17;
				GCC_DYNAMIC_NO_PIC = NO;
				GCC_NO_COMMON_BLOCKS = YES;
				GCC_OPTIMIZATION_LEVEL = 0;
				GCC_PREPROCESSOR_DEFINITIONS = (
					"DEBUG=1",
					"$(inherited)",
				);
				GCC_WARN_64_TO_32_BIT_CONVERSION = YES;
				GCC_WARN_ABOUT_RETURN_TYPE = YES_ERROR;
				GCC_WARN_UNDECLARED_SELECTOR = YES;
				GCC_WARN_UNINITIALIZED_AUTOS = YES_AGGRESSIVE;
				GCC_WARN_UNUSED_FUNCTION = YES;
				GCC_WARN_UNUSED_VARIABLE = YES;
				IPHONEOS_DEPLOYMENT_TARGET = 18.4;
				LOCALIZATION_PREFERS_STRING_CATALOGS = YES;
				MTL_ENABLE_DEBUG_INFO = INCLUDE_SOURCE;
				MTL_FAST_MATH = YES;
				ONLY_ACTIVE_ARCH = YES;
				SDKROOT = iphoneos;
				SWIFT_ACTIVE_COMPILATION_CONDITIONS = "DEBUG $(inherited)";
				SWIFT_OPTIMIZATION_LEVEL = "-Onone";
			};
			name = Debug;
		};
		E0C6B5132DAE551000302666 /* Release */ = {
			isa = XCBuildConfiguration;
			buildSettings = {
				ALWAYS_SEARCH_USER_PATHS = NO;
				ASSETCATALOG_COMPILER_GENERATE_SWIFT_ASSET_SYMBOL_EXTENSIONS = YES;
				CLANG_ANALYZER_NONNULL = YES;
				CLANG_ANALYZER_NUMBER_OBJECT_CONVERSION = YES_AGGRESSIVE;
				CLANG_CXX_LANGUAGE_STANDARD = "gnu++20";
				CLANG_ENABLE_MODULES = YES;
				CLANG_ENABLE_OBJC_ARC = YES;
				CLANG_ENABLE_OBJC_WEAK = YES;
				CLANG_WARN_BLOCK_CAPTURE_AUTORELEASING = YES;
				CLANG_WARN_BOOL_CONVERSION = YES;
				CLANG_WARN_COMMA = YES;
				CLANG_WARN_CONSTANT_CONVERSION = YES;
				CLANG_WARN_DEPRECATED_OBJC_IMPLEMENTATIONS = YES;
				CLANG_WARN_DIRECT_OBJC_ISA_USAGE = YES_ERROR;
				CLANG_WARN_DOCUMENTATION_COMMENTS = YES;
				CLANG_WARN_EMPTY_BODY = YES;
				CLANG_WARN_ENUM_CONVERSION = YES;
				CLANG_WARN_INFINITE_RECURSION = YES;
				CLANG_WARN_INT_CONVERSION = YES;
				CLANG_WARN_NON_LITERAL_NULL_CONVERSION = YES;
				CLANG_WARN_OBJC_IMPLICIT_RETAIN_SELF = YES;
				CLANG_WARN_OBJC_LITERAL_CONVERSION = YES;
				CLANG_WARN_OBJC_ROOT_CLASS = YES_ERROR;
				CLANG_WARN_QUOTED_INCLUDE_IN_FRAMEWORK_HEADER = YES;
				CLANG_WARN_RANGE_LOOP_ANALYSIS = YES;
				CLANG_WARN_STRICT_PROTOTYPES = YES;
				CLANG_WARN_SUSPICIOUS_MOVE = YES;
				CLANG_WARN_UNGUARDED_AVAILABILITY = YES_AGGRESSIVE;
				CLANG_WARN_UNREACHABLE_CODE = YES;
				CLANG_WARN__DUPLICATE_METHOD_MATCH = YES;
				COPY_PHASE_STRIP = NO;
				DEBUG_INFORMATION_FORMAT = "dwarf-with-dsym";
				ENABLE_NS_ASSERTIONS = NO;
				ENABLE_STRICT_OBJC_MSGSEND = YES;
				ENABLE_USER_SCRIPT_SANDBOXING = YES;
				GCC_C_LANGUAGE_STANDARD = gnu17;
				GCC_NO_COMMON_BLOCKS = YES;
				GCC_WARN_64_TO_32_BIT_CONVERSION = YES;
				GCC_WARN_ABOUT_RETURN_TYPE = YES_ERROR;
				GCC_WARN_UNDECLARED_SELECTOR = YES;
				GCC_WARN_UNINITIALIZED_AUTOS = YES_AGGRESSIVE;
				GCC_WARN_UNUSED_FUNCTION = YES;
				GCC_WARN_UNUSED_VARIABLE = YES;
				IPHONEOS_DEPLOYMENT_TARGET = 18.4;
				LOCALIZATION_PREFERS_STRING_CATALOGS = YES;
				MTL_ENABLE_DEBUG_INFO = NO;
				MTL_FAST_MATH = YES;
				SDKROOT = iphoneos;
				SWIFT_COMPILATION_MODE = wholemodule;
				VALIDATE_PRODUCT = YES;
			};
			name = Release;
		};
		E0C6B5152DAE551000302666 /* Debug */ = {
			isa = XCBuildConfiguration;
			buildSettings = {
				BUNDLE_LOADER = "$(TEST_HOST)";
				CODE_SIGN_STYLE = Automatic;
				CURRENT_PROJECT_VERSION = 1;
				GENERATE_INFOPLIST_FILE = YES;
				IPHONEOS_DEPLOYMENT_TARGET = 18.4;
				MARKETING_VERSION = 1.0;
				PRODUCT_BUNDLE_IDENTIFIER = com.dj20014920.DeepSleepTests;
				PRODUCT_NAME = "$(TARGET_NAME)";
				SWIFT_EMIT_LOC_STRINGS = NO;
				SWIFT_VERSION = 5.0;
				TARGETED_DEVICE_FAMILY = "1,2";
				TEST_HOST = "$(BUILT_PRODUCTS_DIR)/DeepSleep.app/$(BUNDLE_EXECUTABLE_FOLDER_PATH)/DeepSleep";
			};
			name = Debug;
		};
		E0C6B5162DAE551000302666 /* Release */ = {
			isa = XCBuildConfiguration;
			buildSettings = {
				BUNDLE_LOADER = "$(TEST_HOST)";
				CODE_SIGN_STYLE = Automatic;
				CURRENT_PROJECT_VERSION = 1;
				GENERATE_INFOPLIST_FILE = YES;
				IPHONEOS_DEPLOYMENT_TARGET = 18.4;
				MARKETING_VERSION = 1.0;
				PRODUCT_BUNDLE_IDENTIFIER = com.dj20014920.DeepSleepTests;
				PRODUCT_NAME = "$(TARGET_NAME)";
				SWIFT_EMIT_LOC_STRINGS = NO;
				SWIFT_VERSION = 5.0;
				TARGETED_DEVICE_FAMILY = "1,2";
				TEST_HOST = "$(BUILT_PRODUCTS_DIR)/DeepSleep.app/$(BUNDLE_EXECUTABLE_FOLDER_PATH)/DeepSleep";
			};
			name = Release;
		};
		E0C6B5182DAE551000302666 /* Debug */ = {
			isa = XCBuildConfiguration;
			buildSettings = {
				CODE_SIGN_STYLE = Automatic;
				CURRENT_PROJECT_VERSION = 1;
				GENERATE_INFOPLIST_FILE = YES;
				MARKETING_VERSION = 1.0;
				PRODUCT_BUNDLE_IDENTIFIER = com.dj20014920.DeepSleepUITests;
				PRODUCT_NAME = "$(TARGET_NAME)";
				SWIFT_EMIT_LOC_STRINGS = NO;
				SWIFT_VERSION = 5.0;
				TARGETED_DEVICE_FAMILY = "1,2";
				TEST_TARGET_NAME = DeepSleep;
			};
			name = Debug;
		};
		E0C6B5192DAE551000302666 /* Release */ = {
			isa = XCBuildConfiguration;
			buildSettings = {
				CODE_SIGN_STYLE = Automatic;
				CURRENT_PROJECT_VERSION = 1;
				GENERATE_INFOPLIST_FILE = YES;
				MARKETING_VERSION = 1.0;
				PRODUCT_BUNDLE_IDENTIFIER = com.dj20014920.DeepSleepUITests;
				PRODUCT_NAME = "$(TARGET_NAME)";
				SWIFT_EMIT_LOC_STRINGS = NO;
				SWIFT_VERSION = 5.0;
				TARGETED_DEVICE_FAMILY = "1,2";
				TEST_TARGET_NAME = DeepSleep;
			};
			name = Release;
		};
/* End XCBuildConfiguration section */

/* Begin XCConfigurationList section */
		E0C6B4E12DAE550E00302666 /* Build configuration list for PBXProject "DeepSleep" */ = {
			isa = XCConfigurationList;
			buildConfigurations = (
				E0C6B5122DAE551000302666 /* Debug */,
				E0C6B5132DAE551000302666 /* Release */,
			);
			defaultConfigurationIsVisible = 0;
			defaultConfigurationName = Release;
		};
		E0C6B50F2DAE551000302666 /* Build configuration list for PBXNativeTarget "DeepSleep" */ = {
			isa = XCConfigurationList;
			buildConfigurations = (
				E0C6B5102DAE551000302666 /* Debug */,
				E0C6B5112DAE551000302666 /* Release */,
			);
			defaultConfigurationIsVisible = 0;
			defaultConfigurationName = Release;
		};
		E0C6B5142DAE551000302666 /* Build configuration list for PBXNativeTarget "DeepSleepTests" */ = {
			isa = XCConfigurationList;
			buildConfigurations = (
				E0C6B5152DAE551000302666 /* Debug */,
				E0C6B5162DAE551000302666 /* Release */,
			);
			defaultConfigurationIsVisible = 0;
			defaultConfigurationName = Release;
		};
		E0C6B5172DAE551000302666 /* Build configuration list for PBXNativeTarget "DeepSleepUITests" */ = {
			isa = XCConfigurationList;
			buildConfigurations = (
				E0C6B5182DAE551000302666 /* Debug */,
				E0C6B5192DAE551000302666 /* Release */,
			);
			defaultConfigurationIsVisible = 0;
			defaultConfigurationName = Release;
		};
/* End XCConfigurationList section */

/* Begin XCRemoteSwiftPackageReference section */
		E0135C312DF082B900CA5B45 /* XCRemoteSwiftPackageReference "FSCalendar" */ = {
			isa = XCRemoteSwiftPackageReference;
			repositoryURL = "https://github.com/WenchaoD/FSCalendar.git";
			requirement = {
				kind = upToNextMajorVersion;
				minimumVersion = 2.8.4;
			};
		};
/* End XCRemoteSwiftPackageReference section */

/* Begin XCSwiftPackageProductDependency section */
		E0135C322DF082B900CA5B45 /* FSCalendar */ = {
			isa = XCSwiftPackageProductDependency;
			package = E0135C312DF082B900CA5B45 /* XCRemoteSwiftPackageReference "FSCalendar" */;
			productName = FSCalendar;
		};
/* End XCSwiftPackageProductDependency section */
	};
	rootObject = E0C6B4DE2DAE550E00302666 /* Project object */;
}
